# This file is autogenerated, do not edit; changes may be undone by the next 'dep ensure'.


[[projects]]
  branch = "master"
  name = "github.com/blang/vfs"
  packages = [
    ".",
    "memfs"
  ]
  revision = "c14afcac17253ce7418da751ec6b1988790cdc8f"

[[projects]]
  branch = "master"
  name = "github.com/daaku/go.zipexe"
  packages = ["."]
  revision = "a5fe2436ffcb3236e175e5149162b41cd28bd27d"

[[projects]]
  branch = "master"
  name = "github.com/gopherjs/gopherjs"
  packages = ["js"]
  revision = "8dffc02ea1cb8398bb73f30424697c60fcf8d4c5"

[[projects]]
  branch = "master"
  name = "github.com/kardianos/osext"
  packages = ["."]
  revision = "ae77be60afb1dcacde03767a8c37337fad28ac14"

[[projects]]
  name = "github.com/owais/rendr"
  packages = [
    "pkg/components",
    "pkg/dom"
  ]
  revision = "64bccd9d4c869536a0660f4a3c8a3f4f97ce959e"
  version = "v0.1.0"

[[projects]]
  name = "github.com/phogolabs/parcello"
  packages = ["."]
  revision = "67a93d1c1fa3c032fc1940f766241136c704157d"
  version = "v0.8"

[[projects]]
  name = "github.com/urfave/cli"
  packages = ["."]
  revision = "cfb38830724cc34fedffe9a2a29fb54fa9169cd1"
  version = "v1.20.0"

[[projects]]
  branch = "master"
  name = "honnef.co/go/js/dom"
  packages = ["."]
  revision = "6da835bec70f84cd4f0c0b8a7239a9260b6bc37f"

[solve-meta]
  analyzer-name = "dep"
  analyzer-version = 1
  inputs-digest = "3c471f2c72d19fab749539ca6d4988624fcb181c43577d80ef0d0561b0a1fa14"
  solver-name = "gps-cdcl"
  solver-version = 1
